<Solution>
  <Folder Name="/src/">
    <Project Path="src/Aggregation/Aggregation.csproj" />
    <Project Path="src/ApiService/ApiService.csproj" />
    <Project Path="src/ContentManagement/ContentManagement.csproj" />
    <Project Path="src/CVApp/CVApp.csproj" />
  </Folder>
  <Folder Name="/tests/">
    <Project Path="tests/SmokeTests/SmokeTests.csproj" />
    <Project Path="tests/TracerTests/TracerTests.csproj" />
    <Project Path="tests/UnitTests/UnitTests.csproj" />
  </Folder>
</Solution>
